
Microsoft Visual Studio Solution File, Format Version 12.00
# Visual Studio Version 17
VisualStudioVersion = 17.11.35312.102
MinimumVisualStudioVersion = 10.0.40219.1
Project("{FAE04EC0-301F-11D3-BF4B-00C04F79EFBC}") = "CsLab1", "CsLab1\CsLab1.csproj", "{D879624D-292B-49DE-92FA-B04F1DC0AF78}"
EndProject
Project("{FAE04EC0-301F-11D3-BF4B-00C04F79EFBC}") = "Lab2", "Lab2\Lab2.csproj", "{10A481E7-6645-45BC-A6C5-9652608FF875}"
EndProject
Project("{FAE04EC0-301F-11D3-BF4B-00C04F79EFBC}") = "Lab3", "Lab3\Lab3.csproj", "{BFC07418-44C3-4DAE-9464-C07B68A466EC}"
EndProject
Project("{FAE04EC0-301F-11D3-BF4B-00C04F79EFBC}") = "Lab3b", "Lab3b\Lab3b.csproj", "{1D15D8A7-3120-4C3A-B886-40DEF5B47F4E}"
EndProject
Project("{9A19103F-16F7-4668-BE54-9A1E7A4F7556}") = "Lab4a", "Lab4a\Lab4a.csproj", "{513476D4-C843-4931-A3D5-4CCFE0F144A0}"
EndProject
Project("{9A19103F-16F7-4668-BE54-9A1E7A4F7556}") = "Lab4a2", "Lab4a2\Lab4a2.csproj", "{2280502B-8916-4FB1-82E0-72084F7F942A}"
EndProject
Project("{FAE04EC0-301F-11D3-BF4B-00C04F79EFBC}") = "Lab1Core", "Lab1Core\Lab1Core.csproj", "{4715F847-D005-461C-A731-52B3CB630A62}"
EndProject
Project("{FAE04EC0-301F-11D3-BF4B-00C04F79EFBC}") = "Lab4b", "Lab4b\Lab4b.csproj", "{FDDA8F6B-3DF2-4F47-87EB-DB6AE872E340}"
EndProject
Global
	GlobalSection(SolutionConfigurationPlatforms) = preSolution
		Debug|Any CPU = Debug|Any CPU
		Release|Any CPU = Release|Any CPU
	EndGlobalSection
	GlobalSection(ProjectConfigurationPlatforms) = postSolution
		{D879624D-292B-49DE-92FA-B04F1DC0AF78}.Debug|Any CPU.ActiveCfg = Debug|Any CPU
		{D879624D-292B-49DE-92FA-B04F1DC0AF78}.Debug|Any CPU.Build.0 = Debug|Any CPU
		{D879624D-292B-49DE-92FA-B04F1DC0AF78}.Release|Any CPU.ActiveCfg = Release|Any CPU
		{D879624D-292B-49DE-92FA-B04F1DC0AF78}.Release|Any CPU.Build.0 = Release|Any CPU
		{10A481E7-6645-45BC-A6C5-9652608FF875}.Debug|Any CPU.ActiveCfg = Debug|Any CPU
		{10A481E7-6645-45BC-A6C5-9652608FF875}.Debug|Any CPU.Build.0 = Debug|Any CPU
		{10A481E7-6645-45BC-A6C5-9652608FF875}.Release|Any CPU.ActiveCfg = Release|Any CPU
		{10A481E7-6645-45BC-A6C5-9652608FF875}.Release|Any CPU.Build.0 = Release|Any CPU
		{BFC07418-44C3-4DAE-9464-C07B68A466EC}.Debug|Any CPU.ActiveCfg = Debug|Any CPU
		{BFC07418-44C3-4DAE-9464-C07B68A466EC}.Debug|Any CPU.Build.0 = Debug|Any CPU
		{BFC07418-44C3-4DAE-9464-C07B68A466EC}.Release|Any CPU.ActiveCfg = Release|Any CPU
		{BFC07418-44C3-4DAE-9464-C07B68A466EC}.Release|Any CPU.Build.0 = Release|Any CPU
		{1D15D8A7-3120-4C3A-B886-40DEF5B47F4E}.Debug|Any CPU.ActiveCfg = Debug|Any CPU
		{1D15D8A7-3120-4C3A-B886-40DEF5B47F4E}.Debug|Any CPU.Build.0 = Debug|Any CPU
		{1D15D8A7-3120-4C3A-B886-40DEF5B47F4E}.Release|Any CPU.ActiveCfg = Release|Any CPU
		{1D15D8A7-3120-4C3A-B886-40DEF5B47F4E}.Release|Any CPU.Build.0 = Release|Any CPU
		{513476D4-C843-4931-A3D5-4CCFE0F144A0}.Debug|Any CPU.ActiveCfg = Debug|Any CPU
		{513476D4-C843-4931-A3D5-4CCFE0F144A0}.Debug|Any CPU.Build.0 = Debug|Any CPU
		{513476D4-C843-4931-A3D5-4CCFE0F144A0}.Release|Any CPU.ActiveCfg = Release|Any CPU
		{513476D4-C843-4931-A3D5-4CCFE0F144A0}.Release|Any CPU.Build.0 = Release|Any CPU
		{2280502B-8916-4FB1-82E0-72084F7F942A}.Debug|Any CPU.ActiveCfg = Debug|Any CPU
		{2280502B-8916-4FB1-82E0-72084F7F942A}.Debug|Any CPU.Build.0 = Debug|Any CPU
		{2280502B-8916-4FB1-82E0-72084F7F942A}.Release|Any CPU.ActiveCfg = Release|Any CPU
		{2280502B-8916-4FB1-82E0-72084F7F942A}.Release|Any CPU.Build.0 = Release|Any CPU
		{4715F847-D005-461C-A731-52B3CB630A62}.Debug|Any CPU.ActiveCfg = Debug|Any CPU
		{4715F847-D005-461C-A731-52B3CB630A62}.Debug|Any CPU.Build.0 = Debug|Any CPU
		{4715F847-D005-461C-A731-52B3CB630A62}.Release|Any CPU.ActiveCfg = Release|Any CPU
		{4715F847-D005-461C-A731-52B3CB630A62}.Release|Any CPU.Build.0 = Release|Any CPU
		{FDDA8F6B-3DF2-4F47-87EB-DB6AE872E340}.Debug|Any CPU.ActiveCfg = Debug|Any CPU
		{FDDA8F6B-3DF2-4F47-87EB-DB6AE872E340}.Debug|Any CPU.Build.0 = Debug|Any CPU
		{FDDA8F6B-3DF2-4F47-87EB-DB6AE872E340}.Release|Any CPU.ActiveCfg = Release|Any CPU
		{FDDA8F6B-3DF2-4F47-87EB-DB6AE872E340}.Release|Any CPU.Build.0 = Release|Any CPU
	EndGlobalSection
	GlobalSection(SolutionProperties) = preSolution
		HideSolutionNode = FALSE
	EndGlobalSection
	GlobalSection(ExtensibilityGlobals) = postSolution
		SolutionGuid = {97CAF687-2965-4B90-AEFE-B71FE05DD08C}
	EndGlobalSection
EndGlobal
